
Microsoft Visual Studio Solution File, Format Version 12.00
# Visual Studio Version 16
VisualStudioVersion = 16.0.30320.27
MinimumVisualStudioVersion = 10.0.40219.1
Project("{9A19103F-16F7-4668-BE54-9A1E7A4F7556}") = "DemoTemplating.Api", "DemoTemplating.Api\DemoTemplating.Api.csproj", "{D2DBB55C-ADB2-4620-BCF0-2D22F1A926E6}"
EndProject
Project("{9A19103F-16F7-4668-BE54-9A1E7A4F7556}") = "DemoTemplating.RendererLib", "DemoTemplating.RendererLib\DemoTemplating.RendererLib.csproj", "{6AD05C1C-FA65-435D-87F2-09C2581D0915}"
EndProject
Project("{FAE04EC0-301F-11D3-BF4B-00C04F79EFBC}") = "DemoTemplating.Cli", "DemoTemplating.Cli\DemoTemplating.Cli.csproj", "{97C702C6-B4D6-4F02-A3C9-5D80E2D279C5}"
EndProject
Global
	GlobalSection(SolutionConfigurationPlatforms) = preSolution
		Debug|Any CPU = Debug|Any CPU
		Release|Any CPU = Release|Any CPU
	EndGlobalSection
	GlobalSection(ProjectConfigurationPlatforms) = postSolution
		{D2DBB55C-ADB2-4620-BCF0-2D22F1A926E6}.Debug|Any CPU.ActiveCfg = Debug|Any CPU
		{D2DBB55C-ADB2-4620-BCF0-2D22F1A926E6}.Debug|Any CPU.Build.0 = Debug|Any CPU
		{D2DBB55C-ADB2-4620-BCF0-2D22F1A926E6}.Release|Any CPU.ActiveCfg = Release|Any CPU
		{D2DBB55C-ADB2-4620-BCF0-2D22F1A926E6}.Release|Any CPU.Build.0 = Release|Any CPU
		{6AD05C1C-FA65-435D-87F2-09C2581D0915}.Debug|Any CPU.ActiveCfg = Debug|Any CPU
		{6AD05C1C-FA65-435D-87F2-09C2581D0915}.Debug|Any CPU.Build.0 = Debug|Any CPU
		{6AD05C1C-FA65-435D-87F2-09C2581D0915}.Release|Any CPU.ActiveCfg = Release|Any CPU
		{6AD05C1C-FA65-435D-87F2-09C2581D0915}.Release|Any CPU.Build.0 = Release|Any CPU
		{97C702C6-B4D6-4F02-A3C9-5D80E2D279C5}.Debug|Any CPU.ActiveCfg = Debug|Any CPU
		{97C702C6-B4D6-4F02-A3C9-5D80E2D279C5}.Debug|Any CPU.Build.0 = Debug|Any CPU
		{97C702C6-B4D6-4F02-A3C9-5D80E2D279C5}.Release|Any CPU.ActiveCfg = Release|Any CPU
		{97C702C6-B4D6-4F02-A3C9-5D80E2D279C5}.Release|Any CPU.Build.0 = Release|Any CPU
	EndGlobalSection
	GlobalSection(SolutionProperties) = preSolution
		HideSolutionNode = FALSE
	EndGlobalSection
	GlobalSection(ExtensibilityGlobals) = postSolution
		SolutionGuid = {82FBEA5C-CE17-488A-B4FA-7D3CE8D9427F}
	EndGlobalSection
EndGlobal
